// !$*UTF8*$!
{
	archiveVersion = 1;
	classes = {
	};
	objectVersion = 50;
	objects = {

/* Begin PBXBuildFile section */
		45B7E0FF2353F92100C846DB /* AppDelegate.swift in Sources */ = {isa = PBXBuildFile; fileRef = 45B7E0FE2353F92100C846DB /* AppDelegate.swift */; };
		45B7E1012353F92100C846DB /* ViewController.swift in Sources */ = {isa = PBXBuildFile; fileRef = 45B7E1002353F92100C846DB /* ViewController.swift */; };
		45B7E1032353F92200C846DB /* Assets.xcassets in Resources */ = {isa = PBXBuildFile; fileRef = 45B7E1022353F92200C846DB /* Assets.xcassets */; };
		45B7E1062353F92200C846DB /* Main.storyboard in Resources */ = {isa = PBXBuildFile; fileRef = 45B7E1042353F92200C846DB /* Main.storyboard */; };
		45B7E1132353FA1C00C846DB /* Metal.framework in Frameworks */ = {isa = PBXBuildFile; fileRef = 45B7E1122353FA1C00C846DB /* Metal.framework */; };
		45B7E1152353FA2500C846DB /* MetalKit.framework in Frameworks */ = {isa = PBXBuildFile; fileRef = 45B7E1142353FA2500C846DB /* MetalKit.framework */; };
		45B7E1172353FA2C00C846DB /* MetalPerformanceShaders.framework in Frameworks */ = {isa = PBXBuildFile; fileRef = 45B7E1162353FA2B00C846DB /* MetalPerformanceShaders.framework */; };
		45B7E11A2353FE1B00C846DB /* Shaders.metal in Sources */ = {isa = PBXBuildFile; fileRef = 45B7E1192353FE1B00C846DB /* Shaders.metal */; };
		45B7E11D2354175C00C846DB /* Renderer.swift in Sources */ = {isa = PBXBuildFile; fileRef = 45B7E11C2354175C00C846DB /* Renderer.swift */; };
		45B7E11F23541CE600C846DB /* Primitive.swift in Sources */ = {isa = PBXBuildFile; fileRef = 45B7E11E23541CE600C846DB /* Primitive.swift */; };
/* End PBXBuildFile section */

/* Begin PBXFileReference section */
		45B7E0FB2353F92100C846DB /* Metalz.app */ = {isa = PBXFileReference; explicitFileType = wrapper.application; includeInIndex = 0; path = Metalz.app; sourceTree = BUILT_PRODUCTS_DIR; };
		45B7E0FE2353F92100C846DB /* AppDelegate.swift */ = {isa = PBXFileReference; lastKnownFileType = sourcecode.swift; path = AppDelegate.swift; sourceTree = "<group>"; };
		45B7E1002353F92100C846DB /* ViewController.swift */ = {isa = PBXFileReference; lastKnownFileType = sourcecode.swift; path = ViewController.swift; sourceTree = "<group>"; };
		45B7E1022353F92200C846DB /* Assets.xcassets */ = {isa = PBXFileReference; lastKnownFileType = folder.assetcatalog; path = Assets.xcassets; sourceTree = "<group>"; };
		45B7E1052353F92200C846DB /* Base */ = {isa = PBXFileReference; lastKnownFileType = file.storyboard; name = Base; path = Base.lproj/Main.storyboard; sourceTree = "<group>"; };
		45B7E1072353F92200C846DB /* Info.plist */ = {isa = PBXFileReference; lastKnownFileType = text.plist.xml; path = Info.plist; sourceTree = "<group>"; };
		45B7E1082353F92200C846DB /* Metalz.entitlements */ = {isa = PBXFileReference; lastKnownFileType = text.plist.entitlements; path = Metalz.entitlements; sourceTree = "<group>"; };
		45B7E1122353FA1C00C846DB /* Metal.framework */ = {isa = PBXFileReference; lastKnownFileType = wrapper.framework; name = Metal.framework; path = System/Library/Frameworks/Metal.framework; sourceTree = SDKROOT; };
		45B7E1142353FA2500C846DB /* MetalKit.framework */ = {isa = PBXFileReference; lastKnownFileType = wrapper.framework; name = MetalKit.framework; path = System/Library/Frameworks/MetalKit.framework; sourceTree = SDKROOT; };
		45B7E1162353FA2B00C846DB /* MetalPerformanceShaders.framework */ = {isa = PBXFileReference; lastKnownFileType = wrapper.framework; name = MetalPerformanceShaders.framework; path = System/Library/Frameworks/MetalPerformanceShaders.framework; sourceTree = SDKROOT; };
		45B7E1192353FE1B00C846DB /* Shaders.metal */ = {isa = PBXFileReference; lastKnownFileType = sourcecode.metal; path = Shaders.metal; sourceTree = "<group>"; };
		45B7E11C2354175C00C846DB /* Renderer.swift */ = {isa = PBXFileReference; lastKnownFileType = sourcecode.swift; path = Renderer.swift; sourceTree = "<group>"; };
		45B7E11E23541CE600C846DB /* Primitive.swift */ = {isa = PBXFileReference; lastKnownFileType = sourcecode.swift; path = Primitive.swift; sourceTree = "<group>"; };
/* End PBXFileReference section */

/* Begin PBXFrameworksBuildPhase section */
		45B7E0F82353F92100C846DB /* Frameworks */ = {
			isa = PBXFrameworksBuildPhase;
			buildActionMask = 2147483647;
			files = (
				45B7E1132353FA1C00C846DB /* Metal.framework in Frameworks */,
				45B7E1172353FA2C00C846DB /* MetalPerformanceShaders.framework in Frameworks */,
				45B7E1152353FA2500C846DB /* MetalKit.framework in Frameworks */,
			);
			runOnlyForDeploymentPostprocessing = 0;
		};
/* End PBXFrameworksBuildPhase section */

/* Begin PBXGroup section */
		45B7E0F22353F92100C846DB = {
			isa = PBXGroup;
			children = (
				45B7E0FD2353F92100C846DB /* Metalz */,
				45B7E0FC2353F92100C846DB /* Products */,
				45B7E1112353FA1C00C846DB /* Frameworks */,
			);
			sourceTree = "<group>";
		};
		45B7E0FC2353F92100C846DB /* Products */ = {
			isa = PBXGroup;
			children = (
				45B7E0FB2353F92100C846DB /* Metalz.app */,
			);
			name = Products;
			sourceTree = "<group>";
		};
		45B7E0FD2353F92100C846DB /* Metalz */ = {
			isa = PBXGroup;
			children = (
				45B7E0FE2353F92100C846DB /* AppDelegate.swift */,
				45B7E10F2353F94600C846DB /* Storyboards */,
				45B7E1102353F95D00C846DB /* Controllers */,
				45B7E11B2354174C00C846DB /* Models */,
				45B7E1182353FE0A00C846DB /* Shaders */,
				45B7E10E2353F92F00C846DB /* Supporting Files */,
			);
			path = Metalz;
			sourceTree = "<group>";
		};
		45B7E10E2353F92F00C846DB /* Supporting Files */ = {
			isa = PBXGroup;
			children = (
				45B7E1082353F92200C846DB /* Metalz.entitlements */,
				45B7E1072353F92200C846DB /* Info.plist */,
				45B7E1022353F92200C846DB /* Assets.xcassets */,
			);
			name = "Supporting Files";
			sourceTree = "<group>";
		};
		45B7E10F2353F94600C846DB /* Storyboards */ = {
			isa = PBXGroup;
			children = (
				45B7E1042353F92200C846DB /* Main.storyboard */,
			);
			name = Storyboards;
			sourceTree = "<group>";
		};
		45B7E1102353F95D00C846DB /* Controllers */ = {
			isa = PBXGroup;
			children = (
				45B7E1002353F92100C846DB /* ViewController.swift */,
			);
			name = Controllers;
			sourceTree = "<group>";
		};
		45B7E1112353FA1C00C846DB /* Frameworks */ = {
			isa = PBXGroup;
			children = (
				45B7E1162353FA2B00C846DB /* MetalPerformanceShaders.framework */,
				45B7E1142353FA2500C846DB /* MetalKit.framework */,
				45B7E1122353FA1C00C846DB /* Metal.framework */,
			);
			name = Frameworks;
			sourceTree = "<group>";
		};
		45B7E1182353FE0A00C846DB /* Shaders */ = {
			isa = PBXGroup;
			children = (
				45B7E1192353FE1B00C846DB /* Shaders.metal */,
			);
			name = Shaders;
			sourceTree = "<group>";
		};
		45B7E11B2354174C00C846DB /* Models */ = {
			isa = PBXGroup;
			children = (
				45B7E11C2354175C00C846DB /* Renderer.swift */,
				45B7E11E23541CE600C846DB /* Primitive.swift */,
			);
			name = Models;
			sourceTree = "<group>";
		};
/* End PBXGroup section */

/* Begin PBXNativeTarget section */
		45B7E0FA2353F92100C846DB /* Metalz */ = {
			isa = PBXNativeTarget;
			buildConfigurationList = 45B7E10B2353F92200C846DB /* Build configuration list for PBXNativeTarget "Metalz" */;
			buildPhases = (
				45B7E0F72353F92100C846DB /* Sources */,
				45B7E0F82353F92100C846DB /* Frameworks */,
				45B7E0F92353F92100C846DB /* Resources */,
			);
			buildRules = (
			);
			dependencies = (
			);
			name = Metalz;
			productName = Metal;
			productReference = 45B7E0FB2353F92100C846DB /* Metalz.app */;
			productType = "com.apple.product-type.application";
		};
/* End PBXNativeTarget section */

/* Begin PBXProject section */
		45B7E0F32353F92100C846DB /* Project object */ = {
			isa = PBXProject;
			attributes = {
				LastSwiftUpdateCheck = 1110;
				LastUpgradeCheck = 1110;
				ORGANIZATIONNAME = "Infinite Token";
				TargetAttributes = {
					45B7E0FA2353F92100C846DB = {
						CreatedOnToolsVersion = 11.1;
					};
				};
			};
			buildConfigurationList = 45B7E0F62353F92100C846DB /* Build configuration list for PBXProject "Metalz" */;
			compatibilityVersion = "Xcode 9.3";
			developmentRegion = en;
			hasScannedForEncodings = 0;
			knownRegions = (
				en,
				Base,
			);
			mainGroup = 45B7E0F22353F92100C846DB;
			productRefGroup = 45B7E0FC2353F92100C846DB /* Products */;
			projectDirPath = "";
			projectRoot = "";
			targets = (
				45B7E0FA2353F92100C846DB /* Metalz */,
			);
		};
/* End PBXProject section */

/* Begin PBXResourcesBuildPhase section */
		45B7E0F92353F92100C846DB /* Resources */ = {
			isa = PBXResourcesBuildPhase;
			buildActionMask = 2147483647;
			files = (
				45B7E1032353F92200C846DB /* Assets.xcassets in Resources */,
				45B7E1062353F92200C846DB /* Main.storyboard in Resources */,
			);
			runOnlyForDeploymentPostprocessing = 0;
		};
/* End PBXResourcesBuildPhase section */

/* Begin PBXSourcesBuildPhase section */
		45B7E0F72353F92100C846DB /* Sources */ = {
			isa = PBXSourcesBuildPhase;
			buildActionMask = 2147483647;
			files = (
				45B7E11D2354175C00C846DB /* Renderer.swift in Sources */,
				45B7E11A2353FE1B00C846DB /* Shaders.metal in Sources */,
				45B7E1012353F92100C846DB /* ViewController.swift in Sources */,
				45B7E0FF2353F92100C846DB /* AppDelegate.swift in Sources */,
				45B7E11F23541CE600C846DB /* Primitive.swift in Sources */,
			);
			runOnlyForDeploymentPostprocessing = 0;
		};
/* End PBXSourcesBuildPhase section */

/* Begin PBXVariantGroup section */
		45B7E1042353F92200C846DB /* Main.storyboard */ = {
			isa = PBXVariantGroup;
			children = (
				45B7E1052353F92200C846DB /* Base */,
			);
			name = Main.storyboard;
			sourceTree = "<group>";
		};
/* End PBXVariantGroup section */

/* Begin XCBuildConfiguration section */
		45B7E1092353F92200C846DB /* Debug */ = {
			isa = XCBuildConfiguration;
			buildSettings = {
				ALWAYS_SEARCH_USER_PATHS = NO;
				CLANG_ANALYZER_NONNULL = YES;
				CLANG_ANALYZER_NUMBER_OBJECT_CONVERSION = YES_AGGRESSIVE;
				CLANG_CXX_LANGUAGE_STANDARD = "gnu++14";
				CLANG_CXX_LIBRARY = "libc++";
				CLANG_ENABLE_MODULES = YES;
				CLANG_ENABLE_OBJC_ARC = YES;
				CLANG_ENABLE_OBJC_WEAK = YES;
				CLANG_WARN_BLOCK_CAPTURE_AUTORELEASING = YES;
				CLANG_WARN_BOOL_CONVERSION = YES;
				CLANG_WARN_COMMA = YES;
				CLANG_WARN_CONSTANT_CONVERSION = YES;
				CLANG_WARN_DEPRECATED_OBJC_IMPLEMENTATIONS = YES;
				CLANG_WARN_DIRECT_OBJC_ISA_USAGE = YES_ERROR;
				CLANG_WARN_DOCUMENTATION_COMMENTS = YES;
				CLANG_WARN_EMPTY_BODY = YES;
				CLANG_WARN_ENUM_CONVERSION = YES;
				CLANG_WARN_INFINITE_RECURSION = YES;
				CLANG_WARN_INT_CONVERSION = YES;
				CLANG_WARN_NON_LITERAL_NULL_CONVERSION = YES;
				CLANG_WARN_OBJC_IMPLICIT_RETAIN_SELF = YES;
				CLANG_WARN_OBJC_LITERAL_CONVERSION = YES;
				CLANG_WARN_OBJC_ROOT_CLASS = YES_ERROR;
				CLANG_WARN_RANGE_LOOP_ANALYSIS = YES;
				CLANG_WARN_STRICT_PROTOTYPES = YES;
				CLANG_WARN_SUSPICIOUS_MOVE = YES;
				CLANG_WARN_UNGUARDED_AVAILABILITY = YES_AGGRESSIVE;
				CLANG_WARN_UNREACHABLE_CODE = YES;
				CLANG_WARN__DUPLICATE_METHOD_MATCH = YES;
				COPY_PHASE_STRIP = NO;
				DEBUG_INFORMATION_FORMAT = dwarf;
				ENABLE_STRICT_OBJC_MSGSEND = YES;
				ENABLE_TESTABILITY = YES;
				GCC_C_LANGUAGE_STANDARD = gnu11;
				GCC_DYNAMIC_NO_PIC = NO;
				GCC_NO_COMMON_BLOCKS = YES;
				GCC_OPTIMIZATION_LEVEL = 0;
				GCC_PREPROCESSOR_DEFINITIONS = (
					"DEBUG=1",
					"$(inherited)",
				);
				GCC_WARN_64_TO_32_BIT_CONVERSION = YES;
				GCC_WARN_ABOUT_RETURN_TYPE = YES_ERROR;
				GCC_WARN_UNDECLARED_SELECTOR = YES;
				GCC_WARN_UNINITIALIZED_AUTOS = YES_AGGRESSIVE;
				GCC_WARN_UNUSED_FUNCTION = YES;
				GCC_WARN_UNUSED_VARIABLE = YES;
				MACOSX_DEPLOYMENT_TARGET = 10.15;
				MTL_ENABLE_DEBUG_INFO = INCLUDE_SOURCE;
				MTL_FAST_MATH = YES;
				ONLY_ACTIVE_ARCH = YES;
				SDKROOT = macosx;
				SWIFT_ACTIVE_COMPILATION_CONDITIONS = DEBUG;
				SWIFT_OPTIMIZATION_LEVEL = "-Onone";
			};
			name = Debug;
		};
		45B7E10A2353F92200C846DB /* Release */ = {
			isa = XCBuildConfiguration;
			buildSettings = {
				ALWAYS_SEARCH_USER_PATHS = NO;
				CLANG_ANALYZER_NONNULL = YES;
				CLANG_ANALYZER_NUMBER_OBJECT_CONVERSION = YES_AGGRESSIVE;
				CLANG_CXX_LANGUAGE_STANDARD = "gnu++14";
				CLANG_CXX_LIBRARY = "libc++";
				CLANG_ENABLE_MODULES = YES;
				CLANG_ENABLE_OBJC_ARC = YES;
				CLANG_ENABLE_OBJC_WEAK = YES;
				CLANG_WARN_BLOCK_CAPTURE_AUTORELEASING = YES;
				CLANG_WARN_BOOL_CONVERSION = YES;
				CLANG_WARN_COMMA = YES;
				CLANG_WARN_CONSTANT_CONVERSION = YES;
				CLANG_WARN_DEPRECATED_OBJC_IMPLEMENTATIONS = YES;
				CLANG_WARN_DIRECT_OBJC_ISA_USAGE = YES_ERROR;
				CLANG_WARN_DOCUMENTATION_COMMENTS = YES;
				CLANG_WARN_EMPTY_BODY = YES;
				CLANG_WARN_ENUM_CONVERSION = YES;
				CLANG_WARN_INFINITE_RECURSION = YES;
				CLANG_WARN_INT_CONVERSION = YES;
				CLANG_WARN_NON_LITERAL_NULL_CONVERSION = YES;
				CLANG_WARN_OBJC_IMPLICIT_RETAIN_SELF = YES;
				CLANG_WARN_OBJC_LITERAL_CONVERSION = YES;
				CLANG_WARN_OBJC_ROOT_CLASS = YES_ERROR;
				CLANG_WARN_RANGE_LOOP_ANALYSIS = YES;
				CLANG_WARN_STRICT_PROTOTYPES = YES;
				CLANG_WARN_SUSPICIOUS_MOVE = YES;
				CLANG_WARN_UNGUARDED_AVAILABILITY = YES_AGGRESSIVE;
				CLANG_WARN_UNREACHABLE_CODE = YES;
				CLANG_WARN__DUPLICATE_METHOD_MATCH = YES;
				COPY_PHASE_STRIP = NO;
				DEBUG_INFORMATION_FORMAT = "dwarf-with-dsym";
				ENABLE_NS_ASSERTIONS = NO;
				ENABLE_STRICT_OBJC_MSGSEND = YES;
				GCC_C_LANGUAGE_STANDARD = gnu11;
				GCC_NO_COMMON_BLOCKS = YES;
				GCC_WARN_64_TO_32_BIT_CONVERSION = YES;
				GCC_WARN_ABOUT_RETURN_TYPE = YES_ERROR;
				GCC_WARN_UNDECLARED_SELECTOR = YES;
				GCC_WARN_UNINITIALIZED_AUTOS = YES_AGGRESSIVE;
				GCC_WARN_UNUSED_FUNCTION = YES;
				GCC_WARN_UNUSED_VARIABLE = YES;
				MACOSX_DEPLOYMENT_TARGET = 10.15;
				MTL_ENABLE_DEBUG_INFO = NO;
				MTL_FAST_MATH = YES;
				SDKROOT = macosx;
				SWIFT_COMPILATION_MODE = wholemodule;
				SWIFT_OPTIMIZATION_LEVEL = "-O";
			};
			name = Release;
		};
		45B7E10C2353F92200C846DB /* Debug */ = {
			isa = XCBuildConfiguration;
			buildSettings = {
				ASSETCATALOG_COMPILER_APPICON_NAME = AppIcon;
				CODE_SIGN_ENTITLEMENTS = Metalz/Metalz.entitlements;
				CODE_SIGN_STYLE = Automatic;
				COMBINE_HIDPI_IMAGES = YES;
				DEVELOPMENT_TEAM = 6J8NCZC8G6;
				ENABLE_HARDENED_RUNTIME = YES;
				INFOPLIST_FILE = Metalz/Info.plist;
				LD_RUNPATH_SEARCH_PATHS = (
					"$(inherited)",
					"@executable_path/../Frameworks",
				);
				PRODUCT_BUNDLE_IDENTIFIER = com.infinitetoken.Metal;
				PRODUCT_NAME = "$(TARGET_NAME)";
				SWIFT_VERSION = 5.0;
			};
			name = Debug;
		};
		45B7E10D2353F92200C846DB /* Release */ = {
			isa = XCBuildConfiguration;
			buildSettings = {
				ASSETCATALOG_COMPILER_APPICON_NAME = AppIcon;
				CODE_SIGN_ENTITLEMENTS = Metalz/Metalz.entitlements;
				CODE_SIGN_STYLE = Automatic;
				COMBINE_HIDPI_IMAGES = YES;
				DEVELOPMENT_TEAM = 6J8NCZC8G6;
				ENABLE_HARDENED_RUNTIME = YES;
				INFOPLIST_FILE = Metalz/Info.plist;
				LD_RUNPATH_SEARCH_PATHS = (
					"$(inherited)",
					"@executable_path/../Frameworks",
				);
				PRODUCT_BUNDLE_IDENTIFIER = com.infinitetoken.Metal;
				PRODUCT_NAME = "$(TARGET_NAME)";
				SWIFT_VERSION = 5.0;
			};
			name = Release;
		};
/* End XCBuildConfiguration section */

/* Begin XCConfigurationList section */
		45B7E0F62353F92100C846DB /* Build configuration list for PBXProject "Metalz" */ = {
			isa = XCConfigurationList;
			buildConfigurations = (
				45B7E1092353F92200C846DB /* Debug */,
				45B7E10A2353F92200C846DB /* Release */,
			);
			defaultConfigurationIsVisible = 0;
			defaultConfigurationName = Release;
		};
		45B7E10B2353F92200C846DB /* Build configuration list for PBXNativeTarget "Metalz" */ = {
			isa = XCConfigurationList;
			buildConfigurations = (
				45B7E10C2353F92200C846DB /* Debug */,
				45B7E10D2353F92200C846DB /* Release */,
			);
			defaultConfigurationIsVisible = 0;
			defaultConfigurationName = Release;
		};
/* End XCConfigurationList section */
	};
	rootObject = 45B7E0F32353F92100C846DB /* Project object */;
}
